
Microsoft Visual Studio Solution File, Format Version 12.00
# Visual Studio Version 16
VisualStudioVersion = 16.0.29519.181
MinimumVisualStudioVersion = 10.0.40219.1
Project("{FAE04EC0-301F-11D3-BF4B-00C04F79EFBC}") = "Projeto2", "Projeto2\Projeto2.csproj", "{89041967-9C2E-4F9C-BAF3-7DDC496F2EFD}"
EndProject
Global
	GlobalSection(SolutionConfigurationPlatforms) = preSolution
		Debug|Any CPU = Debug|Any CPU
		Release|Any CPU = Release|Any CPU
	EndGlobalSection
	GlobalSection(ProjectConfigurationPlatforms) = postSolution
		{89041967-9C2E-4F9C-BAF3-7DDC496F2EFD}.Debug|Any CPU.ActiveCfg = Debug|Any CPU
		{89041967-9C2E-4F9C-BAF3-7DDC496F2EFD}.Debug|Any CPU.Build.0 = Debug|Any CPU
		{89041967-9C2E-4F9C-BAF3-7DDC496F2EFD}.Release|Any CPU.ActiveCfg = Release|Any CPU
		{89041967-9C2E-4F9C-BAF3-7DDC496F2EFD}.Release|Any CPU.Build.0 = Release|Any CPU
	EndGlobalSection
	GlobalSection(SolutionProperties) = preSolution
		HideSolutionNode = FALSE
	EndGlobalSection
	GlobalSection(ExtensibilityGlobals) = postSolution
		SolutionGuid = {6AC57B09-8730-41DA-A17B-EBFB26C5857C}
	EndGlobalSection
EndGlobal
